# Generated by pub
# See https://dart.dev/tools/pub/glossary#lockfile
packages:
  characters:
    dependency: transitive
    description:
      name: characters
      url: "https://pub.dartlang.org"
    source: hosted
    version: "1.2.1"
  collection:
    dependency: transitive
    description:
      name: collection
      url: "https://pub.dartlang.org"
    source: hosted
    version: "1.16.0"
  drop_core:
    dependency: "direct overridden"
    description:
      path: "../pond/modules/drop_core"
      relative: true
    source: path
    version: "0.0.1"
  flutter:
    dependency: transitive
    description: flutter
    source: sdk
    version: "0.0.0"
  flutter_hooks:
    dependency: transitive
    description:
      name: flutter_hooks
      url: "https://pub.dartlang.org"
    source: hosted
    version: "0.18.5+1"
  jlogical_utils_core:
    dependency: "direct main"
    description:
      path: "../jlogical_utils_core"
      relative: true
    source: path
    version: "0.0.1"
  lints:
    dependency: "direct dev"
    description:
      name: lints
      url: "https://pub.dartlang.org"
    source: hosted
    version: "2.0.0"
  material_color_utilities:
    dependency: transitive
    description:
      name: material_color_utilities
      url: "https://pub.dartlang.org"
    source: hosted
    version: "0.1.5"
  meta:
    dependency: transitive
    description:
      name: meta
      url: "https://pub.dartlang.org"
    source: hosted
    version: "1.8.0"
  pond:
    dependency: "direct main"
    description:
      path: "../pond/pond"
      relative: true
    source: path
    version: "0.0.1"
  pond_core:
    dependency: "direct overridden"
    description:
      path: "../pond/pond_core"
      relative: true
    source: path
    version: "0.0.1"
  sky_engine:
    dependency: transitive
    description: flutter
    source: sdk
    version: "0.0.99"
  utils_core:
    dependency: "direct overridden"
    description:
      path: "../utils/utils_core"
      relative: true
    source: path
    version: "0.0.1"
  vector_math:
    dependency: transitive
    description:
      name: vector_math
      url: "https://pub.dartlang.org"
    source: hosted
    version: "2.1.2"
sdks:
  dart: ">=2.17.0 <3.0.0"
  flutter: ">=3.0.0"
