# Generated by pub
# See https://dart.dev/tools/pub/glossary#lockfile
packages:
  collection:
    dependency: transitive
    description:
      name: collection
      url: "https://pub.dartlang.org"
    source: hosted
    version: "1.17.0"
  crypto:
    dependency: transitive
    description:
      name: crypto
      url: "https://pub.dartlang.org"
    source: hosted
    version: "3.0.2"
  directed_graph:
    dependency: transitive
    description:
      name: directed_graph
      url: "https://pub.dartlang.org"
    source: hosted
    version: "0.3.7"
  drop_core:
    dependency: "direct main"
    description:
      path: "../pond/modules/drop_core"
      relative: true
    source: path
    version: "0.0.1"
  equatable:
    dependency: transitive
    description:
      name: equatable
      url: "https://pub.dartlang.org"
    source: hosted
    version: "2.0.5"
  exception_templates:
    dependency: transitive
    description:
      name: exception_templates
      url: "https://pub.dartlang.org"
    source: hosted
    version: "0.2.1"
  graphs:
    dependency: transitive
    description:
      name: graphs
      url: "https://pub.dartlang.org"
    source: hosted
    version: "2.2.0"
  lazy_memo:
    dependency: transitive
    description:
      name: lazy_memo
      url: "https://pub.dartlang.org"
    source: hosted
    version: "0.1.2"
  lints:
    dependency: "direct dev"
    description:
      name: lints
      url: "https://pub.dartlang.org"
    source: hosted
    version: "2.0.0"
  meta:
    dependency: transitive
    description:
      name: meta
      url: "https://pub.dartlang.org"
    source: hosted
    version: "1.8.0"
  path:
    dependency: transitive
    description:
      name: path
      url: "https://pub.dartlang.org"
    source: hosted
    version: "1.8.2"
  pond_core:
    dependency: "direct main"
    description:
      path: "../pond/pond_core"
      relative: true
    source: path
    version: "0.0.1"
  quote_buffer:
    dependency: transitive
    description:
      name: quote_buffer
      url: "https://pub.dartlang.org"
    source: hosted
    version: "0.2.3"
  rxdart:
    dependency: transitive
    description:
      name: rxdart
      url: "https://pub.dartlang.org"
    source: hosted
    version: "0.27.5"
  type:
    dependency: "direct overridden"
    description:
      path: "../type"
      relative: true
    source: path
    version: "0.0.1"
  type_core:
    dependency: "direct main"
    description:
      path: "../pond/modules/type_core"
      relative: true
    source: path
    version: "0.0.1"
  typed_data:
    dependency: transitive
    description:
      name: typed_data
      url: "https://pub.dartlang.org"
    source: hosted
    version: "1.3.1"
  utils_core:
    dependency: "direct overridden"
    description:
      path: "../utils/utils_core"
      relative: true
    source: path
    version: "0.0.1"
  uuid:
    dependency: transitive
    description:
      name: uuid
      url: "https://pub.dartlang.org"
    source: hosted
    version: "3.0.6"
sdks:
  dart: ">=2.17.0 <3.0.0"
