# Generated by pub
# See https://dart.dev/tools/pub/glossary#lockfile
packages:
  _flutterfire_internals:
    dependency: transitive
    description:
      name: _flutterfire_internals
      sha256: "76c15c4167f820b74abcd8c6fc5e393e1ed5e1207a34e9b22953603e03b3ba6a"
      url: "https://pub.dev"
    source: hosted
    version: "1.3.9"
  actions_core:
    dependency: "direct overridden"
    description:
      path: "../actions_core"
      relative: true
    source: path
    version: "0.0.1"
  archive:
    dependency: transitive
    description:
      name: archive
      sha256: "7e0d52067d05f2e0324268097ba723b71cb41ac8a6a2b24d1edf9c536b987b03"
      url: "https://pub.dev"
    source: hosted
    version: "3.4.6"
  args:
    dependency: transitive
    description:
      name: args
      sha256: eef6c46b622e0494a36c5a12d10d77fb4e855501a91c1b9ef9339326e58f0596
      url: "https://pub.dev"
    source: hosted
    version: "2.4.2"
  async:
    dependency: transitive
    description:
      name: async
      sha256: "947bfcf187f74dbc5e146c9eb9c0f10c9f8b30743e341481c1e2ed3ecc18c20c"
      url: "https://pub.dev"
    source: hosted
    version: "2.11.0"
  auth_core:
    dependency: "direct main"
    description:
      path: "../auth_core"
      relative: true
    source: path
    version: "0.0.1"
  boolean_selector:
    dependency: transitive
    description:
      name: boolean_selector
      sha256: "6cfb5af12253eaf2b368f07bacc5a80d1301a071c73360d746b7f2e32d762c66"
      url: "https://pub.dev"
    source: hosted
    version: "2.1.1"
  characters:
    dependency: transitive
    description:
      name: characters
      sha256: "04a925763edad70e8443c99234dc3328f442e811f1d8fd1a72f1c8ad0f69a605"
      url: "https://pub.dev"
    source: hosted
    version: "1.3.0"
  clock:
    dependency: transitive
    description:
      name: clock
      sha256: cb6d7f03e1de671e34607e909a7213e31d7752be4fb66a86d29fe1eb14bfb5cf
      url: "https://pub.dev"
    source: hosted
    version: "1.1.1"
  cloud_firestore:
    dependency: "direct main"
    description:
      name: cloud_firestore
      sha256: "019da47850fe2c86266a4b86e82e0d00dcb5bf0718f26fc70bf9df275ee16537"
      url: "https://pub.dev"
    source: hosted
    version: "4.11.0"
  cloud_firestore_platform_interface:
    dependency: transitive
    description:
      name: cloud_firestore_platform_interface
      sha256: "7e08cd322ff98ddfdb6ab8a89b24f895c473992d674bfd3b36865037879baa3f"
      url: "https://pub.dev"
    source: hosted
    version: "6.0.1"
  cloud_firestore_web:
    dependency: transitive
    description:
      name: cloud_firestore_web
      sha256: bd2183128b67d66a6e672c50e47bc70393418f3bd669aad8ac321e88f027b2b5
      url: "https://pub.dev"
    source: hosted
    version: "3.8.1"
  cloud_functions:
    dependency: "direct main"
    description:
      name: cloud_functions
      sha256: f2eb33c6c52021ae617894da6a3b3c87b3f1bff5a2a42a735e92eb7872dd1029
      url: "https://pub.dev"
    source: hosted
    version: "4.5.1"
  cloud_functions_platform_interface:
    dependency: transitive
    description:
      name: cloud_functions_platform_interface
      sha256: b07299e20e7975fec7434aef66e89fcc3e4ecfed0e7cfed9ead3dee3a8294560
      url: "https://pub.dev"
    source: hosted
    version: "5.5.4"
  cloud_functions_web:
    dependency: transitive
    description:
      name: cloud_functions_web
      sha256: "1bd5d921c64bfeb0446e04ba9b6485fbf585a9c20f431b83f336619afe854e19"
      url: "https://pub.dev"
    source: hosted
    version: "4.6.4"
  collection:
    dependency: "direct main"
    description:
      name: collection
      sha256: f092b211a4319e98e5ff58223576de6c2803db36221657b46c82574721240687
      url: "https://pub.dev"
    source: hosted
    version: "1.17.2"
  convert:
    dependency: transitive
    description:
      name: convert
      sha256: "0f08b14755d163f6e2134cb58222dd25ea2a2ee8a195e53983d57c075324d592"
      url: "https://pub.dev"
    source: hosted
    version: "3.1.1"
  cross_file:
    dependency: transitive
    description:
      name: cross_file
      sha256: fd832b5384d0d6da4f6df60b854d33accaaeb63aa9e10e736a87381f08dee2cb
      url: "https://pub.dev"
    source: hosted
    version: "0.3.3+5"
  crypto:
    dependency: transitive
    description:
      name: crypto
      sha256: ff625774173754681d66daaf4a448684fb04b78f902da9cb3d308c19cc5e8bab
      url: "https://pub.dev"
    source: hosted
    version: "3.0.3"
  debug:
    dependency: "direct overridden"
    description:
      path: "../debug"
      relative: true
    source: path
    version: "0.0.1"
  directed_graph:
    dependency: transitive
    description:
      name: directed_graph
      sha256: "82061c9ce3ac74d9c4c173fb03daac515d503a0f9f77c0010a872f8c344a4f03"
      url: "https://pub.dev"
    source: hosted
    version: "0.3.9"
  drop_core:
    dependency: "direct main"
    description:
      path: "../drop_core"
      relative: true
    source: path
    version: "0.0.1"
  environment:
    dependency: "direct main"
    description:
      path: "../environment"
      relative: true
    source: path
    version: "0.0.1"
  environment_core:
    dependency: "direct overridden"
    description:
      path: "../environment_core"
      relative: true
    source: path
    version: "0.0.1"
  equatable:
    dependency: transitive
    description:
      name: equatable
      sha256: c2b87cb7756efdf69892005af546c56c0b5037f54d2a88269b4f347a505e3ca2
      url: "https://pub.dev"
    source: hosted
    version: "2.0.5"
  exception_templates:
    dependency: transitive
    description:
      name: exception_templates
      sha256: e9303fd16ecdb845a14b397cb93476f807dd2b4706f5ee44f708dbc95c256c33
      url: "https://pub.dev"
    source: hosted
    version: "0.2.4"
  fake_async:
    dependency: transitive
    description:
      name: fake_async
      sha256: "511392330127add0b769b75a987850d136345d9227c6b94c96a04cf4a391bf78"
      url: "https://pub.dev"
    source: hosted
    version: "1.3.1"
  ffi:
    dependency: transitive
    description:
      name: ffi
      sha256: "7bf0adc28a23d395f19f3f1eb21dd7cfd1dd9f8e1c50051c069122e6853bc878"
      url: "https://pub.dev"
    source: hosted
    version: "2.1.0"
  file:
    dependency: transitive
    description:
      name: file
      sha256: "5fc22d7c25582e38ad9a8515372cd9a93834027aacf1801cf01164dac0ffa08c"
      url: "https://pub.dev"
    source: hosted
    version: "7.0.0"
  filesize:
    dependency: transitive
    description:
      name: filesize
      sha256: f53df1f27ff60e466eefcd9df239e02d4722d5e2debee92a87dfd99ac66de2af
      url: "https://pub.dev"
    source: hosted
    version: "2.0.1"
  firebase_analytics:
    dependency: "direct main"
    description:
      name: firebase_analytics
      sha256: be3edadbd6e3a7840d9eae38ec3dfc6d83efab5c6e0d5cee5f758341d0643c30
      url: "https://pub.dev"
    source: hosted
    version: "10.6.1"
  firebase_analytics_platform_interface:
    dependency: transitive
    description:
      name: firebase_analytics_platform_interface
      sha256: fc7c032f769e2c37bc7aa84eb44b02d17d53de8c256882072dbedbf1def158b8
      url: "https://pub.dev"
    source: hosted
    version: "3.7.3"
  firebase_analytics_web:
    dependency: transitive
    description:
      name: firebase_analytics_web
      sha256: "219e5995e79aff8deb3d633041dbdb8f704c1f5a044e970eed141ad851caf9d1"
      url: "https://pub.dev"
    source: hosted
    version: "0.5.5+3"
  firebase_auth:
    dependency: "direct main"
    description:
      name: firebase_auth
      sha256: "46129e2733336ac77377174c3ca33a68cca2cd5848504aad63028aeb92afb7b2"
      url: "https://pub.dev"
    source: hosted
    version: "4.11.1"
  firebase_auth_platform_interface:
    dependency: transitive
    description:
      name: firebase_auth_platform_interface
      sha256: b89936896b2cc02496b97e486793fd4bcf8c51beb99d6a7223c0eea2352d404e
      url: "https://pub.dev"
    source: hosted
    version: "7.0.1"
  firebase_auth_web:
    dependency: transitive
    description:
      name: firebase_auth_web
      sha256: "88b7655c9394d723e121fd53f115d876c32260b8c8b499bdc3108341044a8306"
      url: "https://pub.dev"
    source: hosted
    version: "5.8.4"
  firebase_core:
    dependency: "direct main"
    description:
      name: firebase_core
      sha256: "57bba167105d2315d243a4524939406df688f38a5b6d7a4159382bbbe43cdd00"
      url: "https://pub.dev"
    source: hosted
    version: "2.19.0"
  firebase_core_platform_interface:
    dependency: transitive
    description:
      name: firebase_core_platform_interface
      sha256: c437ae5d17e6b5cc7981cf6fd458a5db4d12979905f9aafd1fea930428a9fe63
      url: "https://pub.dev"
    source: hosted
    version: "5.0.0"
  firebase_core_web:
    dependency: transitive
    description:
      name: firebase_core_web
      sha256: "0631a2ec971dbc540275e2fa00c3a8a2676f0a7adbc3c197d6fba569db689d97"
      url: "https://pub.dev"
    source: hosted
    version: "2.8.1"
  firebase_crashlytics:
    dependency: "direct main"
    description:
      name: firebase_crashlytics
      sha256: c58902959e7a73aadcf82c87e8d64f6eb10b5287fd7aaadfab5c2ef34ec11ff5
      url: "https://pub.dev"
    source: hosted
    version: "3.4.1"
  firebase_crashlytics_platform_interface:
    dependency: transitive
    description:
      name: firebase_crashlytics_platform_interface
      sha256: "9d2f76bda1542615f75fb501a8c7afc6288d69c3728fdc762bf3d51f0ee0f4cb"
      url: "https://pub.dev"
    source: hosted
    version: "3.6.9"
  firebase_messaging:
    dependency: "direct main"
    description:
      name: firebase_messaging
      sha256: "01320eab9b3f91a6351d873923190a965e5155db942187aa600f85f78b9de501"
      url: "https://pub.dev"
    source: hosted
    version: "14.7.1"
  firebase_messaging_platform_interface:
    dependency: transitive
    description:
      name: firebase_messaging_platform_interface
      sha256: "952df577e7fb3a4550483f86bb568f19ce5da2a91f1597eeefdca0607de82562"
      url: "https://pub.dev"
    source: hosted
    version: "4.5.10"
  firebase_messaging_web:
    dependency: transitive
    description:
      name: firebase_messaging_web
      sha256: dcc901226c33b4819992c4add900ed5dae79b0db70097a795d7932c85b18cda1
      url: "https://pub.dev"
    source: hosted
    version: "3.5.10"
  firebase_storage:
    dependency: "direct main"
    description:
      name: firebase_storage
      sha256: c23dfab4fbdafd014b579e2bcc5b23ca69457d9b8625a64dffb669d098cff6fe
      url: "https://pub.dev"
    source: hosted
    version: "11.3.1"
  firebase_storage_platform_interface:
    dependency: transitive
    description:
      name: firebase_storage_platform_interface
      sha256: "8650ba68840122f0c7e8a1a529d16580a5d00a614653d7167d7cd044c67fa245"
      url: "https://pub.dev"
    source: hosted
    version: "4.4.9"
  firebase_storage_web:
    dependency: transitive
    description:
      name: firebase_storage_web
      sha256: "93ac56b2a9722a94e0d752a4aa2dd5ec8c4ceeb8ff07121bb6580198dbede199"
      url: "https://pub.dev"
    source: hosted
    version: "3.6.10"
  flutter:
    dependency: "direct main"
    description: flutter
    source: sdk
    version: "0.0.0"
  flutter_hooks:
    dependency: transitive
    description:
      name: flutter_hooks
      sha256: "6a126f703b89499818d73305e4ce1e3de33b4ae1c5512e3b8eab4b986f46774c"
      url: "https://pub.dev"
    source: hosted
    version: "0.18.6"
  flutter_markdown:
    dependency: transitive
    description:
      name: flutter_markdown
      sha256: a10979814c5f4ddbe2b6143fba25d927599e21e3ba65b3862995960606fae78f
      url: "https://pub.dev"
    source: hosted
    version: "0.6.17+3"
  flutter_staggered_grid_view:
    dependency: transitive
    description:
      name: flutter_staggered_grid_view
      sha256: "1312314293acceb65b92754298754801b0e1f26a1845833b740b30415bbbcf07"
      url: "https://pub.dev"
    source: hosted
    version: "0.6.2"
  flutter_test:
    dependency: "direct dev"
    description: flutter
    source: sdk
    version: "0.0.0"
  flutter_web_plugins:
    dependency: transitive
    description: flutter
    source: sdk
    version: "0.0.0"
  font_awesome_flutter:
    dependency: transitive
    description:
      name: font_awesome_flutter
      sha256: "5fb789145cae1f4c3245c58b3f8fb287d055c26323879eab57a7bf0cfd1e45f3"
      url: "https://pub.dev"
    source: hosted
    version: "10.5.0"
  graphs:
    dependency: transitive
    description:
      name: graphs
      sha256: aedc5a15e78fc65a6e23bcd927f24c64dd995062bcd1ca6eda65a3cff92a4d19
      url: "https://pub.dev"
    source: hosted
    version: "2.3.1"
  http:
    dependency: transitive
    description:
      name: http
      sha256: "759d1a329847dd0f39226c688d3e06a6b8679668e350e2891a6474f8b4bb8525"
      url: "https://pub.dev"
    source: hosted
    version: "1.1.0"
  http_parser:
    dependency: transitive
    description:
      name: http_parser
      sha256: "2aa08ce0341cc9b354a498388e30986515406668dbcc4f7c950c3e715496693b"
      url: "https://pub.dev"
    source: hosted
    version: "4.0.2"
  intersperse:
    dependency: transitive
    description:
      name: intersperse
      sha256: "2f8a905c96f6cbba978644a3d5b31b8d86ddc44917662df7d27a61f3df66a576"
      url: "https://pub.dev"
    source: hosted
    version: "2.0.0"
  intl:
    dependency: transitive
    description:
      name: intl
      sha256: a3715e3bc90294e971cb7dc063fbf3cd9ee0ebf8604ffeafabd9e6f16abbdbe6
      url: "https://pub.dev"
    source: hosted
    version: "0.18.0"
  js:
    dependency: transitive
    description:
      name: js
      sha256: f2c445dce49627136094980615a031419f7f3eb393237e4ecd97ac15dea343f3
      url: "https://pub.dev"
    source: hosted
    version: "0.6.7"
  json2yaml:
    dependency: transitive
    description:
      name: json2yaml
      sha256: "1bd23a492025254aa14a760db94c8d52142c774ab3f2ab935e31742796bf505d"
      url: "https://pub.dev"
    source: hosted
    version: "3.0.0"
  lazy_memo:
    dependency: transitive
    description:
      name: lazy_memo
      sha256: ca4be412d65726f79a30ba6e40b7056f1dbefbb35ec42913365b3f3e86d49279
      url: "https://pub.dev"
    source: hosted
    version: "0.1.9"
  lints:
    dependency: "direct dev"
    description:
      name: lints
      sha256: "5e4a9cd06d447758280a8ac2405101e0e2094d2a1dbdd3756aec3fe7775ba593"
      url: "https://pub.dev"
    source: hosted
    version: "2.0.1"
  localstorage:
    dependency: transitive
    description:
      name: localstorage
      sha256: fdff4f717114e992acfd4045dc4a9ab9b987ca57f020965d63e3eb34089c60d8
      url: "https://pub.dev"
    source: hosted
    version: "4.0.1+4"
  log:
    dependency: "direct overridden"
    description:
      path: "../log"
      relative: true
    source: path
    version: "0.0.1"
  log_core:
    dependency: "direct main"
    description:
      path: "../log_core"
      relative: true
    source: path
    version: "0.0.1"
  markdown:
    dependency: transitive
    description:
      name: markdown
      sha256: acf35edccc0463a9d7384e437c015a3535772e09714cf60e07eeef3a15870dcd
      url: "https://pub.dev"
    source: hosted
    version: "7.1.1"
  matcher:
    dependency: transitive
    description:
      name: matcher
      sha256: "1803e76e6653768d64ed8ff2e1e67bea3ad4b923eb5c56a295c3e634bad5960e"
      url: "https://pub.dev"
    source: hosted
    version: "0.12.16"
  material_color_utilities:
    dependency: transitive
    description:
      name: material_color_utilities
      sha256: "9528f2f296073ff54cb9fee677df673ace1218163c3bc7628093e7eed5203d41"
      url: "https://pub.dev"
    source: hosted
    version: "0.5.0"
  messaging_core:
    dependency: "direct main"
    description:
      path: "../messaging_core"
      relative: true
    source: path
    version: "0.0.1"
  meta:
    dependency: transitive
    description:
      name: meta
      sha256: "3c74dbf8763d36539f114c799d8a2d87343b5067e9d796ca22b5eb8437090ee3"
      url: "https://pub.dev"
    source: hosted
    version: "1.9.1"
  mime:
    dependency: transitive
    description:
      name: mime
      sha256: e4ff8e8564c03f255408decd16e7899da1733852a9110a58fe6d1b817684a63e
      url: "https://pub.dev"
    source: hosted
    version: "1.0.4"
  model:
    dependency: "direct overridden"
    description:
      path: "../../../model/model"
      relative: true
    source: path
    version: "0.0.1"
  model_core:
    dependency: "direct overridden"
    description:
      path: "../../../model/model_core"
      relative: true
    source: path
    version: "0.0.1"
  nested:
    dependency: transitive
    description:
      name: nested
      sha256: "03bac4c528c64c95c722ec99280375a6f2fc708eec17c7b3f07253b626cd2a20"
      url: "https://pub.dev"
    source: hosted
    version: "1.0.0"
  path:
    dependency: transitive
    description:
      name: path
      sha256: "8829d8a55c13fc0e37127c29fedf290c102f4e40ae94ada574091fe0ff96c917"
      url: "https://pub.dev"
    source: hosted
    version: "1.8.3"
  path_core:
    dependency: "direct overridden"
    description:
      path: "../../../path_core"
      relative: true
    source: path
    version: "0.0.1"
  path_provider:
    dependency: transitive
    description:
      name: path_provider
      sha256: a1aa8aaa2542a6bc57e381f132af822420216c80d4781f7aa085ca3229208aaa
      url: "https://pub.dev"
    source: hosted
    version: "2.1.1"
  path_provider_android:
    dependency: transitive
    description:
      name: path_provider_android
      sha256: "6b8b19bd80da4f11ce91b2d1fb931f3006911477cec227cce23d3253d80df3f1"
      url: "https://pub.dev"
    source: hosted
    version: "2.2.0"
  path_provider_foundation:
    dependency: transitive
    description:
      name: path_provider_foundation
      sha256: "19314d595120f82aca0ba62787d58dde2cc6b5df7d2f0daf72489e38d1b57f2d"
      url: "https://pub.dev"
    source: hosted
    version: "2.3.1"
  path_provider_linux:
    dependency: transitive
    description:
      name: path_provider_linux
      sha256: f7a1fe3a634fe7734c8d3f2766ad746ae2a2884abe22e241a8b301bf5cac3279
      url: "https://pub.dev"
    source: hosted
    version: "2.2.1"
  path_provider_platform_interface:
    dependency: transitive
    description:
      name: path_provider_platform_interface
      sha256: "94b1e0dd80970c1ce43d5d4e050a9918fce4f4a775e6142424c30a29a363265c"
      url: "https://pub.dev"
    source: hosted
    version: "2.1.1"
  path_provider_windows:
    dependency: transitive
    description:
      name: path_provider_windows
      sha256: "8bc9f22eee8690981c22aa7fc602f5c85b497a6fb2ceb35ee5a5e5ed85ad8170"
      url: "https://pub.dev"
    source: hosted
    version: "2.2.1"
  persistence:
    dependency: "direct overridden"
    description:
      path: "../../../persistence/persistence"
      relative: true
    source: path
    version: "0.0.1"
  persistence_core:
    dependency: "direct overridden"
    description:
      path: "../../../persistence/persistence_core"
      relative: true
    source: path
    version: "0.0.1"
  pigment:
    dependency: transitive
    description:
      name: pigment
      sha256: b8c56059e21ecb9379a304c78a4f20e399d41e54384a7f64de21103b4b5c38dd
      url: "https://pub.dev"
    source: hosted
    version: "1.0.4"
  platform:
    dependency: transitive
    description:
      name: platform
      sha256: ae68c7bfcd7383af3629daafb32fb4e8681c7154428da4febcff06200585f102
      url: "https://pub.dev"
    source: hosted
    version: "3.1.2"
  plugin_platform_interface:
    dependency: transitive
    description:
      name: plugin_platform_interface
      sha256: "43798d895c929056255600343db8f049921cbec94d31ec87f1dc5c16c01935dd"
      url: "https://pub.dev"
    source: hosted
    version: "2.1.5"
  pointycastle:
    dependency: transitive
    description:
      name: pointycastle
      sha256: "7c1e5f0d23c9016c5bbd8b1473d0d3fb3fc851b876046039509e18e0c7485f2c"
      url: "https://pub.dev"
    source: hosted
    version: "3.7.3"
  pond:
    dependency: "direct main"
    description:
      path: "../../pond"
      relative: true
    source: path
    version: "0.0.1"
  pond_core:
    dependency: "direct main"
    description:
      path: "../../pond_core"
      relative: true
    source: path
    version: "0.0.1"
  provider:
    dependency: transitive
    description:
      name: provider
      sha256: cdbe7530b12ecd9eb455bdaa2fcb8d4dad22e80b8afb4798b41479d5ce26847f
      url: "https://pub.dev"
    source: hosted
    version: "6.0.5"
  pull_to_refresh:
    dependency: transitive
    description:
      name: pull_to_refresh
      sha256: bbadd5a931837b57739cf08736bea63167e284e71fb23b218c8c9a6e042aad12
      url: "https://pub.dev"
    source: hosted
    version: "2.0.0"
  quote_buffer:
    dependency: transitive
    description:
      name: quote_buffer
      sha256: a9eefd3ddc63bb310ffbc855b6ebe0363d925235485bc5778e28c492b1224b31
      url: "https://pub.dev"
    source: hosted
    version: "0.2.5"
  rxdart:
    dependency: "direct main"
    description:
      name: rxdart
      sha256: "0c7c0cedd93788d996e33041ffecda924cc54389199cde4e6a34b440f50044cb"
      url: "https://pub.dev"
    source: hosted
    version: "0.27.7"
  share_plus:
    dependency: transitive
    description:
      name: share_plus
      sha256: "6cec740fa0943a826951223e76218df002804adb588235a8910dc3d6b0654e11"
      url: "https://pub.dev"
    source: hosted
    version: "7.1.0"
  share_plus_platform_interface:
    dependency: transitive
    description:
      name: share_plus_platform_interface
      sha256: "357412af4178d8e11d14f41723f80f12caea54cf0d5cd29af9dcdab85d58aea7"
      url: "https://pub.dev"
    source: hosted
    version: "3.3.0"
  sky_engine:
    dependency: transitive
    description: flutter
    source: sdk
    version: "0.0.99"
  source_span:
    dependency: transitive
    description:
      name: source_span
      sha256: "53e943d4206a5e30df338fd4c6e7a077e02254531b138a15aec3bd143c1a8b3c"
      url: "https://pub.dev"
    source: hosted
    version: "1.10.0"
  stack_trace:
    dependency: transitive
    description:
      name: stack_trace
      sha256: c3c7d8edb15bee7f0f74debd4b9c5f3c2ea86766fe4178eb2a18eb30a0bdaed5
      url: "https://pub.dev"
    source: hosted
    version: "1.11.0"
  stream_channel:
    dependency: transitive
    description:
      name: stream_channel
      sha256: "83615bee9045c1d322bbbd1ba209b7a749c2cbcdcb3fdd1df8eb488b3279c1c8"
      url: "https://pub.dev"
    source: hosted
    version: "2.1.1"
  string_scanner:
    dependency: transitive
    description:
      name: string_scanner
      sha256: "556692adab6cfa87322a115640c11f13cb77b3f076ddcc5d6ae3c20242bedcde"
      url: "https://pub.dev"
    source: hosted
    version: "1.2.0"
  style:
    dependency: "direct overridden"
    description:
      path: "../../../style"
      relative: true
    source: path
    version: "0.0.1"
  term_glyph:
    dependency: transitive
    description:
      name: term_glyph
      sha256: a29248a84fbb7c79282b40b8c72a1209db169a2e0542bce341da992fe1bc7e84
      url: "https://pub.dev"
    source: hosted
    version: "1.2.1"
  test_api:
    dependency: transitive
    description:
      name: test_api
      sha256: "75760ffd7786fffdfb9597c35c5b27eaeec82be8edfb6d71d32651128ed7aab8"
      url: "https://pub.dev"
    source: hosted
    version: "0.6.0"
  tinycolor2:
    dependency: transitive
    description:
      name: tinycolor2
      sha256: "81850c32ac8d4dcff37299bf3e52bcad4f4db6bc73d4b06727c9922de3766390"
      url: "https://pub.dev"
    source: hosted
    version: "3.0.1"
  type:
    dependency: "direct main"
    description:
      path: "../../../type"
      relative: true
    source: path
    version: "0.0.1"
  type_core:
    dependency: "direct overridden"
    description:
      path: "../type_core"
      relative: true
    source: path
    version: "0.0.1"
  typed_data:
    dependency: transitive
    description:
      name: typed_data
      sha256: facc8d6582f16042dd49f2463ff1bd6e2c9ef9f3d5da3d9b087e244a7b564b3c
      url: "https://pub.dev"
    source: hosted
    version: "1.3.2"
  url_launcher_linux:
    dependency: transitive
    description:
      name: url_launcher_linux
      sha256: b651aad005e0cb06a01dbd84b428a301916dc75f0e7ea6165f80057fee2d8e8e
      url: "https://pub.dev"
    source: hosted
    version: "3.0.6"
  url_launcher_platform_interface:
    dependency: transitive
    description:
      name: url_launcher_platform_interface
      sha256: "95465b39f83bfe95fcb9d174829d6476216f2d548b79c38ab2506e0458787618"
      url: "https://pub.dev"
    source: hosted
    version: "2.1.5"
  url_launcher_web:
    dependency: transitive
    description:
      name: url_launcher_web
      sha256: "2942294a500b4fa0b918685aff406773ba0a4cd34b7f42198742a94083020ce5"
      url: "https://pub.dev"
    source: hosted
    version: "2.0.20"
  url_launcher_windows:
    dependency: transitive
    description:
      name: url_launcher_windows
      sha256: "95fef3129dc7cfaba2bc3d5ba2e16063bb561fc6d78e63eee16162bc70029069"
      url: "https://pub.dev"
    source: hosted
    version: "3.0.8"
  url_strategy:
    dependency: transitive
    description:
      name: url_strategy
      sha256: "42b68b42a9864c4d710401add17ad06e28f1c1d5500c93b98c431f6b0ea4ab87"
      url: "https://pub.dev"
    source: hosted
    version: "0.2.0"
  utils:
    dependency: "direct main"
    description:
      path: "../../../utils/utils"
      relative: true
    source: path
    version: "0.0.1"
  utils_core:
    dependency: "direct overridden"
    description:
      path: "../../../utils/utils_core"
      relative: true
    source: path
    version: "0.0.1"
  uuid:
    dependency: transitive
    description:
      name: uuid
      sha256: "648e103079f7c64a36dc7d39369cabb358d377078a051d6ae2ad3aa539519313"
      url: "https://pub.dev"
    source: hosted
    version: "3.0.7"
  vector_math:
    dependency: transitive
    description:
      name: vector_math
      sha256: "80b3257d1492ce4d091729e3a67a60407d227c27241d6927be0130c98e741803"
      url: "https://pub.dev"
    source: hosted
    version: "2.1.4"
  watcher:
    dependency: transitive
    description:
      name: watcher
      sha256: "3d2ad6751b3c16cf07c7fca317a1413b3f26530319181b37e3b9039b84fc01d8"
      url: "https://pub.dev"
    source: hosted
    version: "1.1.0"
  web:
    dependency: transitive
    description:
      name: web
      sha256: dc8ccd225a2005c1be616fe02951e2e342092edf968cf0844220383757ef8f10
      url: "https://pub.dev"
    source: hosted
    version: "0.1.4-beta"
  win32:
    dependency: transitive
    description:
      name: win32
      sha256: "9e82a402b7f3d518fb9c02d0e9ae45952df31b9bf34d77baf19da2de03fc2aaa"
      url: "https://pub.dev"
    source: hosted
    version: "5.0.7"
  xdg_directories:
    dependency: transitive
    description:
      name: xdg_directories
      sha256: "589ada45ba9e39405c198fe34eb0f607cddb2108527e658136120892beac46d2"
      url: "https://pub.dev"
    source: hosted
    version: "1.0.3"
  yaml:
    dependency: transitive
    description:
      name: yaml
      sha256: "75769501ea3489fca56601ff33454fe45507ea3bfb014161abc3b43ae25989d5"
      url: "https://pub.dev"
    source: hosted
    version: "3.1.2"
sdks:
  dart: ">=3.1.0 <4.0.0"
  flutter: ">=3.13.0"
